
Microsoft Visual Studio Solution File, Format Version 12.00
# Visual Studio Version 17
VisualStudioVersion = 17.14.36518.9
MinimumVisualStudioVersion = 10.0.40219.1
Project("{FAE04EC0-301F-11D3-BF4B-00C04F79EFBC}") = "Presentation.Wpf", "Presentation.Wpf\Presentation.Wpf.csproj", "{6335A4AD-2A1F-4049-B1FA-ECC9837D6892}"
EndProject
Project("{FAE04EC0-301F-11D3-BF4B-00C04F79EFBC}") = "Application", "Application\Application.csproj", "{94C56638-2DD9-4667-AFBD-AD020AB554F3}"
EndProject
Project("{FAE04EC0-301F-11D3-BF4B-00C04F79EFBC}") = "Domain", "Domain\Domain.csproj", "{E52F3FFD-DA72-4101-BFC4-4C48B40765A8}"
EndProject
Project("{FAE04EC0-301F-11D3-BF4B-00C04F79EFBC}") = "Data", "Data\Data.csproj", "{2B213EEF-EFF3-4D5D-B8AD-90A95BFFAAF4}"
EndProject
Global
	GlobalSection(SolutionConfigurationPlatforms) = preSolution
		Debug|Any CPU = Debug|Any CPU
		Release|Any CPU = Release|Any CPU
	EndGlobalSection
	GlobalSection(ProjectConfigurationPlatforms) = postSolution
		{6335A4AD-2A1F-4049-B1FA-ECC9837D6892}.Debug|Any CPU.ActiveCfg = Debug|Any CPU
		{6335A4AD-2A1F-4049-B1FA-ECC9837D6892}.Debug|Any CPU.Build.0 = Debug|Any CPU
		{6335A4AD-2A1F-4049-B1FA-ECC9837D6892}.Release|Any CPU.ActiveCfg = Release|Any CPU
		{6335A4AD-2A1F-4049-B1FA-ECC9837D6892}.Release|Any CPU.Build.0 = Release|Any CPU
		{94C56638-2DD9-4667-AFBD-AD020AB554F3}.Debug|Any CPU.ActiveCfg = Debug|Any CPU
		{94C56638-2DD9-4667-AFBD-AD020AB554F3}.Debug|Any CPU.Build.0 = Debug|Any CPU
		{94C56638-2DD9-4667-AFBD-AD020AB554F3}.Release|Any CPU.ActiveCfg = Release|Any CPU
		{94C56638-2DD9-4667-AFBD-AD020AB554F3}.Release|Any CPU.Build.0 = Release|Any CPU
		{E52F3FFD-DA72-4101-BFC4-4C48B40765A8}.Debug|Any CPU.ActiveCfg = Debug|Any CPU
		{E52F3FFD-DA72-4101-BFC4-4C48B40765A8}.Debug|Any CPU.Build.0 = Debug|Any CPU
		{E52F3FFD-DA72-4101-BFC4-4C48B40765A8}.Release|Any CPU.ActiveCfg = Release|Any CPU
		{E52F3FFD-DA72-4101-BFC4-4C48B40765A8}.Release|Any CPU.Build.0 = Release|Any CPU
		{2B213EEF-EFF3-4D5D-B8AD-90A95BFFAAF4}.Debug|Any CPU.ActiveCfg = Debug|Any CPU
		{2B213EEF-EFF3-4D5D-B8AD-90A95BFFAAF4}.Debug|Any CPU.Build.0 = Debug|Any CPU
		{2B213EEF-EFF3-4D5D-B8AD-90A95BFFAAF4}.Release|Any CPU.ActiveCfg = Release|Any CPU
		{2B213EEF-EFF3-4D5D-B8AD-90A95BFFAAF4}.Release|Any CPU.Build.0 = Release|Any CPU
	EndGlobalSection
	GlobalSection(SolutionProperties) = preSolution
		HideSolutionNode = FALSE
	EndGlobalSection
	GlobalSection(ExtensibilityGlobals) = postSolution
		SolutionGuid = {0C893D48-B818-4960-A4A0-873E50DFB716}
	EndGlobalSection
EndGlobal
